
Microsoft Visual Studio Solution File, Format Version 12.00
# Visual Studio 15
VisualStudioVersion = 15.0.28307.539
MinimumVisualStudioVersion = 10.0.40219.1
Project("{9092AA53-FB77-4645-B42D-1CCCA6BD08BD}") = "ngSetStateDemo", "ngSetStateDemo.njsproj", "{83C3E399-A5B1-44E1-AEA7-1C25AF594685}"
EndProject
Global
	GlobalSection(SolutionConfigurationPlatforms) = preSolution
		Debug|Any CPU = Debug|Any CPU
		Release|Any CPU = Release|Any CPU
	EndGlobalSection
	GlobalSection(ProjectConfigurationPlatforms) = postSolution
		{83C3E399-A5B1-44E1-AEA7-1C25AF594685}.Debug|Any CPU.ActiveCfg = Debug|Any CPU
		{83C3E399-A5B1-44E1-AEA7-1C25AF594685}.Debug|Any CPU.Build.0 = Debug|Any CPU
		{83C3E399-A5B1-44E1-AEA7-1C25AF594685}.Release|Any CPU.ActiveCfg = Release|Any CPU
		{83C3E399-A5B1-44E1-AEA7-1C25AF594685}.Release|Any CPU.Build.0 = Release|Any CPU
	EndGlobalSection
	GlobalSection(SolutionProperties) = preSolution
		HideSolutionNode = FALSE
	EndGlobalSection
	GlobalSection(ExtensibilityGlobals) = postSolution
		SolutionGuid = {D9845D95-0503-480C-B07E-0FE8E3B1876F}
	EndGlobalSection
EndGlobal
